
Microsoft Visual Studio Solution File, Format Version 12.00
# Visual Studio Version 16
VisualStudioVersion = 16.0.30128.74
MinimumVisualStudioVersion = 10.0.40219.1
Project("{FAE04EC0-301F-11D3-BF4B-00C04F79EFBC}") = "innago-test", "innago-test\innago-test.csproj", "{50D6FF1D-D2BF-4B9B-A36D-BB40BC7B7039}"
EndProject
Global
	GlobalSection(SolutionConfigurationPlatforms) = preSolution
		Debug|Any CPU = Debug|Any CPU
		Release|Any CPU = Release|Any CPU
	EndGlobalSection
	GlobalSection(ProjectConfigurationPlatforms) = postSolution
		{50D6FF1D-D2BF-4B9B-A36D-BB40BC7B7039}.Debug|Any CPU.ActiveCfg = Debug|Any CPU
		{50D6FF1D-D2BF-4B9B-A36D-BB40BC7B7039}.Debug|Any CPU.Build.0 = Debug|Any CPU
		{50D6FF1D-D2BF-4B9B-A36D-BB40BC7B7039}.Release|Any CPU.ActiveCfg = Release|Any CPU
		{50D6FF1D-D2BF-4B9B-A36D-BB40BC7B7039}.Release|Any CPU.Build.0 = Release|Any CPU
	EndGlobalSection
	GlobalSection(SolutionProperties) = preSolution
		HideSolutionNode = FALSE
	EndGlobalSection
	GlobalSection(ExtensibilityGlobals) = postSolution
		SolutionGuid = {2885D8BB-6001-40B8-A536-8B7BFD2A2321}
	EndGlobalSection
EndGlobal
